{
  "meteor": {},
  "dependencies": {
    "basePackages": {
      "roles": {},
      "observatory": {}
    },
    "packages": {
      "roles": {
        "git": "https://github.com/alanning/meteor-roles.git",
        "tag": "v1.0.5",
        "commit": "a6e0ce33f8dc69a816165c458b138c2acb30ad0e"
      },
      "observatory": {
        "git": "https://github.com/jhoxray/observatory.git",
        "tag": "v0.2.1",
        "commit": "3a3302c086fc9e9c59adf9dfc01e88d746f6c501"
      },
      "observatory-apollo": {
        "git": "https://github.com/superstringsoftware/observatory-apollo.git",
        "branch": "master",
        "commit": "b754bb265ef3df07a406f2b342a169e951e6caee"
      }
    }
  }
}
